
Microsoft Visual Studio Solution File, Format Version 12.00
# Visual Studio Version 16
VisualStudioVersion = 16.0.28803.156
MinimumVisualStudioVersion = 10.0.40219.1
Project("{FAE04EC0-301F-11D3-BF4B-00C04F79EFBC}") = "CIS162AD Final Project", "CIS162AD Final Project\CIS162AD Final Project.csproj", "{5B9DB828-2EF7-409D-9875-8D103BE7134A}"
EndProject
Project("{FAE04EC0-301F-11D3-BF4B-00C04F79EFBC}") = "PayrollLibrary", "PayrollLibrary\PayrollLibrary.csproj", "{078F624C-875B-470E-8EB6-A46F688EAEAC}"
EndProject
Global
	GlobalSection(SolutionConfigurationPlatforms) = preSolution
		Debug|Any CPU = Debug|Any CPU
		Release|Any CPU = Release|Any CPU
	EndGlobalSection
	GlobalSection(ProjectConfigurationPlatforms) = postSolution
		{5B9DB828-2EF7-409D-9875-8D103BE7134A}.Debug|Any CPU.ActiveCfg = Debug|Any CPU
		{5B9DB828-2EF7-409D-9875-8D103BE7134A}.Debug|Any CPU.Build.0 = Debug|Any CPU
		{5B9DB828-2EF7-409D-9875-8D103BE7134A}.Release|Any CPU.ActiveCfg = Release|Any CPU
		{5B9DB828-2EF7-409D-9875-8D103BE7134A}.Release|Any CPU.Build.0 = Release|Any CPU
		{078F624C-875B-470E-8EB6-A46F688EAEAC}.Debug|Any CPU.ActiveCfg = Debug|Any CPU
		{078F624C-875B-470E-8EB6-A46F688EAEAC}.Debug|Any CPU.Build.0 = Debug|Any CPU
		{078F624C-875B-470E-8EB6-A46F688EAEAC}.Release|Any CPU.ActiveCfg = Release|Any CPU
		{078F624C-875B-470E-8EB6-A46F688EAEAC}.Release|Any CPU.Build.0 = Release|Any CPU
	EndGlobalSection
	GlobalSection(SolutionProperties) = preSolution
		HideSolutionNode = FALSE
	EndGlobalSection
	GlobalSection(ExtensibilityGlobals) = postSolution
		SolutionGuid = {8B02FB29-E932-424E-BE46-B23955946AFA}
	EndGlobalSection
EndGlobal
